
Microsoft Visual Studio Solution File, Format Version 12.00
# Visual Studio Version 17
VisualStudioVersion = 17.8.34511.84
MinimumVisualStudioVersion = 10.0.40219.1
Project("{FAE04EC0-301F-11D3-BF4B-00C04F79EFBC}") = "JuniorFactory.Lesson1", "JuniorFactory.Lesson1\JuniorFactory.Lesson1.csproj", "{AB6823F8-5C7C-4674-815D-CEB965A41F78}"
EndProject
Project("{FAE04EC0-301F-11D3-BF4B-00C04F79EFBC}") = "JuniorFactory.Lesson2", "JuniorFactory.Lesson2\JuniorFactory.Lesson2.csproj", "{07AF5688-4182-4E9C-8B57-8205A13532F9}"
EndProject
Project("{9A19103F-16F7-4668-BE54-9A1E7A4F7556}") = "JuniorFactory.Lesson3", "JuniorFactory.Lesson3\JuniorFactory.Lesson3.csproj", "{668B939C-B547-40BC-9E12-C8FEF75BBBA1}"
EndProject
Project("{9A19103F-16F7-4668-BE54-9A1E7A4F7556}") = "JuniorFactory.Lesson5", "JuniorFactory.Lesson5\JuniorFactory.Lesson5.csproj", "{07C33075-12CC-433A-A3BC-3E20C2EC0459}"
EndProject
Project("{9A19103F-16F7-4668-BE54-9A1E7A4F7556}") = "JuniorFactory.Lesson5.Tests", "JuniorFactory.Lesson5Tests\JuniorFactory.Lesson5.Tests.csproj", "{3B883BA2-A9C3-450C-A8BD-B0C2683F8AD8}"
EndProject
Project("{9A19103F-16F7-4668-BE54-9A1E7A4F7556}") = "JuniorFactory.Lesson5.NunitTests", "JuniorFactory.Lesson5.NunitTests\JuniorFactory.Lesson5.NunitTests.csproj", "{0569258E-5693-4E60-8B87-38543AB19226}"
EndProject
Project("{9A19103F-16F7-4668-BE54-9A1E7A4F7556}") = "JuniorFactory.Lesson6", "Lesson6\JuniorFactory.Lesson6.csproj", "{847CC235-0A30-430D-ADD4-1C3D237BC51E}"
EndProject
Project("{9A19103F-16F7-4668-BE54-9A1E7A4F7556}") = "JuniorFactory.Lesson7", "JuniorFactory.Lesson7\JuniorFactory.Lesson7.csproj", "{3E515B57-8331-4402-8478-2BBE137874BB}"
EndProject
Project("{FAE04EC0-301F-11D3-BF4B-00C04F79EFBC}") = "JuniorFactory.Threads", "JuniorFactory.Threads\JuniorFactory.Threads.csproj", "{70DF1937-F6DD-4239-8A9E-57FC7E3E9E47}"
EndProject
Global
	GlobalSection(SolutionConfigurationPlatforms) = preSolution
		Debug|Any CPU = Debug|Any CPU
		Release|Any CPU = Release|Any CPU
	EndGlobalSection
	GlobalSection(ProjectConfigurationPlatforms) = postSolution
		{AB6823F8-5C7C-4674-815D-CEB965A41F78}.Debug|Any CPU.ActiveCfg = Debug|Any CPU
		{AB6823F8-5C7C-4674-815D-CEB965A41F78}.Debug|Any CPU.Build.0 = Debug|Any CPU
		{AB6823F8-5C7C-4674-815D-CEB965A41F78}.Release|Any CPU.ActiveCfg = Release|Any CPU
		{AB6823F8-5C7C-4674-815D-CEB965A41F78}.Release|Any CPU.Build.0 = Release|Any CPU
		{07AF5688-4182-4E9C-8B57-8205A13532F9}.Debug|Any CPU.ActiveCfg = Debug|Any CPU
		{07AF5688-4182-4E9C-8B57-8205A13532F9}.Debug|Any CPU.Build.0 = Debug|Any CPU
		{07AF5688-4182-4E9C-8B57-8205A13532F9}.Release|Any CPU.ActiveCfg = Release|Any CPU
		{07AF5688-4182-4E9C-8B57-8205A13532F9}.Release|Any CPU.Build.0 = Release|Any CPU
		{668B939C-B547-40BC-9E12-C8FEF75BBBA1}.Debug|Any CPU.ActiveCfg = Debug|Any CPU
		{668B939C-B547-40BC-9E12-C8FEF75BBBA1}.Debug|Any CPU.Build.0 = Debug|Any CPU
		{668B939C-B547-40BC-9E12-C8FEF75BBBA1}.Release|Any CPU.ActiveCfg = Release|Any CPU
		{668B939C-B547-40BC-9E12-C8FEF75BBBA1}.Release|Any CPU.Build.0 = Release|Any CPU
		{07C33075-12CC-433A-A3BC-3E20C2EC0459}.Debug|Any CPU.ActiveCfg = Debug|Any CPU
		{07C33075-12CC-433A-A3BC-3E20C2EC0459}.Debug|Any CPU.Build.0 = Debug|Any CPU
		{07C33075-12CC-433A-A3BC-3E20C2EC0459}.Release|Any CPU.ActiveCfg = Release|Any CPU
		{07C33075-12CC-433A-A3BC-3E20C2EC0459}.Release|Any CPU.Build.0 = Release|Any CPU
		{3B883BA2-A9C3-450C-A8BD-B0C2683F8AD8}.Debug|Any CPU.ActiveCfg = Debug|Any CPU
		{3B883BA2-A9C3-450C-A8BD-B0C2683F8AD8}.Debug|Any CPU.Build.0 = Debug|Any CPU
		{3B883BA2-A9C3-450C-A8BD-B0C2683F8AD8}.Release|Any CPU.ActiveCfg = Release|Any CPU
		{3B883BA2-A9C3-450C-A8BD-B0C2683F8AD8}.Release|Any CPU.Build.0 = Release|Any CPU
		{0569258E-5693-4E60-8B87-38543AB19226}.Debug|Any CPU.ActiveCfg = Debug|Any CPU
		{0569258E-5693-4E60-8B87-38543AB19226}.Debug|Any CPU.Build.0 = Debug|Any CPU
		{0569258E-5693-4E60-8B87-38543AB19226}.Release|Any CPU.ActiveCfg = Release|Any CPU
		{0569258E-5693-4E60-8B87-38543AB19226}.Release|Any CPU.Build.0 = Release|Any CPU
		{847CC235-0A30-430D-ADD4-1C3D237BC51E}.Debug|Any CPU.ActiveCfg = Debug|Any CPU
		{847CC235-0A30-430D-ADD4-1C3D237BC51E}.Debug|Any CPU.Build.0 = Debug|Any CPU
		{847CC235-0A30-430D-ADD4-1C3D237BC51E}.Release|Any CPU.ActiveCfg = Release|Any CPU
		{847CC235-0A30-430D-ADD4-1C3D237BC51E}.Release|Any CPU.Build.0 = Release|Any CPU
		{3E515B57-8331-4402-8478-2BBE137874BB}.Debug|Any CPU.ActiveCfg = Debug|Any CPU
		{3E515B57-8331-4402-8478-2BBE137874BB}.Debug|Any CPU.Build.0 = Debug|Any CPU
		{3E515B57-8331-4402-8478-2BBE137874BB}.Release|Any CPU.ActiveCfg = Release|Any CPU
		{3E515B57-8331-4402-8478-2BBE137874BB}.Release|Any CPU.Build.0 = Release|Any CPU
		{70DF1937-F6DD-4239-8A9E-57FC7E3E9E47}.Debug|Any CPU.ActiveCfg = Debug|Any CPU
		{70DF1937-F6DD-4239-8A9E-57FC7E3E9E47}.Debug|Any CPU.Build.0 = Debug|Any CPU
		{70DF1937-F6DD-4239-8A9E-57FC7E3E9E47}.Release|Any CPU.ActiveCfg = Release|Any CPU
		{70DF1937-F6DD-4239-8A9E-57FC7E3E9E47}.Release|Any CPU.Build.0 = Release|Any CPU
	EndGlobalSection
	GlobalSection(SolutionProperties) = preSolution
		HideSolutionNode = FALSE
	EndGlobalSection
	GlobalSection(ExtensibilityGlobals) = postSolution
		SolutionGuid = {04E5FA76-8202-4B1E-8F88-D22D5EB778F1}
	EndGlobalSection
EndGlobal
